// !$*UTF8*$!
{
	archiveVersion = 1;
	classes = {
	};
	objectVersion = 55;
	objects = {

/* Begin PBXBuildFile section */
		830935D8279F9F37006F8F56 /* ActivityView.swift in Sources */ = {isa = PBXBuildFile; fileRef = 830935D7279F9F37006F8F56 /* ActivityView.swift */; };
		8317F89A2772FE5C00864D2F /* Tools.swift in Sources */ = {isa = PBXBuildFile; fileRef = 8317F8992772FE5C00864D2F /* Tools.swift */; };
		831939062802682A0011AA3C /* TagLabelStyle.swift in Sources */ = {isa = PBXBuildFile; fileRef = 831939052802682A0011AA3C /* TagLabelStyle.swift */; };
		8320045E2759B71900EB64FC /* Statistics.swift in Sources */ = {isa = PBXBuildFile; fileRef = 8320045D2759B71900EB64FC /* Statistics.swift */; };
		833F9D34282B49F2006F19AE /* TestSwiftUIView.swift in Sources */ = {isa = PBXBuildFile; fileRef = 833F9D33282B49F2006F19AE /* TestSwiftUIView.swift */; };
		833F9D36282B586F006F19AE /* NotificationTool.swift in Sources */ = {isa = PBXBuildFile; fileRef = 833F9D35282B586F006F19AE /* NotificationTool.swift */; };
		83492C7F275624F2006B5FF2 /* IntExt.swift in Sources */ = {isa = PBXBuildFile; fileRef = 83492C7E275624F2006B5FF2 /* IntExt.swift */; };
		83502578275B012200EF9C5C /* Setting.swift in Sources */ = {isa = PBXBuildFile; fileRef = 83502577275B012200EF9C5C /* Setting.swift */; };
		835A3CE0275652CA00672F98 /* NewBook.swift in Sources */ = {isa = PBXBuildFile; fileRef = 835A3CDF275652CA00672F98 /* NewBook.swift */; };
		835B845B2760A04600F9BAE8 /* DateExt.swift in Sources */ = {isa = PBXBuildFile; fileRef = 835B845A2760A04600F9BAE8 /* DateExt.swift */; };
		835E822F276338D10079FF99 /* ReadLog.swift in Sources */ = {isa = PBXBuildFile; fileRef = 835E822E276338D10079FF99 /* ReadLog.swift */; };
		83731C932755D0D600305305 /* BookTimeApp.swift in Sources */ = {isa = PBXBuildFile; fileRef = 83731C922755D0D600305305 /* BookTimeApp.swift */; };
		83731C972755D0D700305305 /* Assets.xcassets in Resources */ = {isa = PBXBuildFile; fileRef = 83731C962755D0D700305305 /* Assets.xcassets */; };
		83731C9A2755D0D700305305 /* Preview Assets.xcassets in Resources */ = {isa = PBXBuildFile; fileRef = 83731C992755D0D700305305 /* Preview Assets.xcassets */; };
		83731C9C2755D0D700305305 /* BookPersistence.swift in Sources */ = {isa = PBXBuildFile; fileRef = 83731C9B2755D0D700305305 /* BookPersistence.swift */; };
		83731C9F2755D0D700305305 /* BookTime.xcdatamodeld in Sources */ = {isa = PBXBuildFile; fileRef = 83731C9D2755D0D700305305 /* BookTime.xcdatamodeld */; };
		83731CA72755D1BF00305305 /* Book.swift in Sources */ = {isa = PBXBuildFile; fileRef = 83731CA62755D1BF00305305 /* Book.swift */; };
		83731CAA2755D39A00305305 /* BookList.swift in Sources */ = {isa = PBXBuildFile; fileRef = 83731CA92755D39A00305305 /* BookList.swift */; };
		83731CAC2755D45D00305305 /* BookListItem.swift in Sources */ = {isa = PBXBuildFile; fileRef = 83731CAB2755D45D00305305 /* BookListItem.swift */; };
		83817D3927A52A7E00A8CD96 /* BookTimeFileDoc.swift in Sources */ = {isa = PBXBuildFile; fileRef = 83817D3827A52A7E00A8CD96 /* BookTimeFileDoc.swift */; };
		838316112803DA3100869E1D /* AlertToast in Frameworks */ = {isa = PBXBuildFile; productRef = 838316102803DA3100869E1D /* AlertToast */; };
		838316142803FE4800869E1D /* ConfettiSwiftUI in Frameworks */ = {isa = PBXBuildFile; productRef = 838316132803FE4800869E1D /* ConfettiSwiftUI */; };
		83831617280426B100869E1D /* SwiftUICharts in Frameworks */ = {isa = PBXBuildFile; productRef = 83831616280426B100869E1D /* SwiftUICharts */; };
		8383161F28045D0600869E1D /* BarView.swift in Sources */ = {isa = PBXBuildFile; fileRef = 8383161E28045D0600869E1D /* BarView.swift */; };
		8383162128045E7900869E1D /* ChartData.swift in Sources */ = {isa = PBXBuildFile; fileRef = 8383162028045E7900869E1D /* ChartData.swift */; };
		838B8ABD2769B47700B8E87A /* ViewExt.swift in Sources */ = {isa = PBXBuildFile; fileRef = 838B8ABC2769B47700B8E87A /* ViewExt.swift */; };
		83924E64276CDB7E002D0678 /* CloudKit.framework in Frameworks */ = {isa = PBXBuildFile; fileRef = 83924E63276CDB7E002D0678 /* CloudKit.framework */; };
		83955FEB275EFB43004408C3 /* About.swift in Sources */ = {isa = PBXBuildFile; fileRef = 83955FEA275EFB43004408C3 /* About.swift */; };
		839B4E6427572FBC00AB05AF /* BookViewModel.swift in Sources */ = {isa = PBXBuildFile; fileRef = 839B4E6327572FBC00AB05AF /* BookViewModel.swift */; };
		839B4E67275758C600AB05AF /* ImagePicker.swift in Sources */ = {isa = PBXBuildFile; fileRef = 839B4E66275758C600AB05AF /* ImagePicker.swift */; };
		839B4E692757648200AB05AF /* BookCard.swift in Sources */ = {isa = PBXBuildFile; fileRef = 839B4E682757648200AB05AF /* BookCard.swift */; };
		839B4E6E2757763900AB05AF /* TimerView.swift in Sources */ = {isa = PBXBuildFile; fileRef = 839B4E6D2757763900AB05AF /* TimerView.swift */; };
		839B9C2427734802001094C6 /* BookTime-InfoPlist.strings in Resources */ = {isa = PBXBuildFile; fileRef = 839B9C2227734802001094C6 /* BookTime-InfoPlist.strings */; };
		839B9C2727734802001094C6 /* Localizable.strings in Resources */ = {isa = PBXBuildFile; fileRef = 839B9C2527734802001094C6 /* Localizable.strings */; };
		839BF13C282CA139001E2A4E /* Tools.swift in Sources */ = {isa = PBXBuildFile; fileRef = 8317F8992772FE5C00864D2F /* Tools.swift */; };
		83B03AD827698032005B4700 /* Slogan.swift in Sources */ = {isa = PBXBuildFile; fileRef = 83B03AD727698032005B4700 /* Slogan.swift */; };
		83BFC2682761EB5D001E8E0E /* ScanDocumentView.swift in Sources */ = {isa = PBXBuildFile; fileRef = 83BFC2672761EB5D001E8E0E /* ScanDocumentView.swift */; };
		83BFC26A2762053E001E8E0E /* ImageExt.swift in Sources */ = {isa = PBXBuildFile; fileRef = 83BFC2692762053E001E8E0E /* ImageExt.swift */; };
		83D53FF8282906B300A72716 /* WidgetKit.framework in Frameworks */ = {isa = PBXBuildFile; fileRef = 8392247D2827A7EA00303541 /* WidgetKit.framework */; };
		83D53FF9282906B300A72716 /* SwiftUI.framework in Frameworks */ = {isa = PBXBuildFile; fileRef = 8392247F2827A7EA00303541 /* SwiftUI.framework */; };
		83D53FFC282906B300A72716 /* BookTimeWidget.swift in Sources */ = {isa = PBXBuildFile; fileRef = 83D53FFB282906B300A72716 /* BookTimeWidget.swift */; };
		83D53FFE282906B400A72716 /* Assets.xcassets in Resources */ = {isa = PBXBuildFile; fileRef = 83D53FFD282906B400A72716 /* Assets.xcassets */; };
		83D54002282906B400A72716 /* BookTimeWidgetExtension.appex in Embed App Extensions */ = {isa = PBXBuildFile; fileRef = 83D53FF7282906B300A72716 /* BookTimeWidgetExtension.appex */; settings = {ATTRIBUTES = (RemoveHeadersOnCopy, ); }; };
		83D540072829080200A72716 /* DateExt.swift in Sources */ = {isa = PBXBuildFile; fileRef = 835B845A2760A04600F9BAE8 /* DateExt.swift */; };
		83D540082829095D00A72716 /* Localizable.strings in Resources */ = {isa = PBXBuildFile; fileRef = 839B9C2527734802001094C6 /* Localizable.strings */; };
		83DC51ED27589ED200C2A90A /* TimerTrack.swift in Sources */ = {isa = PBXBuildFile; fileRef = 83DC51EC27589ED200C2A90A /* TimerTrack.swift */; };
		83FC0BCE277B0212004C6C27 /* Tutorial.swift in Sources */ = {isa = PBXBuildFile; fileRef = 83FC0BCD277B0212004C6C27 /* Tutorial.swift */; };
/* End PBXBuildFile section */

/* Begin PBXContainerItemProxy section */
		83D54000282906B400A72716 /* PBXContainerItemProxy */ = {
			isa = PBXContainerItemProxy;
			containerPortal = 83731C872755D0D600305305 /* Project object */;
			proxyType = 1;
			remoteGlobalIDString = 83D53FF6282906B300A72716;
			remoteInfo = BookTimeWidgetExtension;
		};
/* End PBXContainerItemProxy section */

/* Begin PBXCopyFilesBuildPhase section */
		8392248D2827A7EB00303541 /* Embed App Extensions */ = {
			isa = PBXCopyFilesBuildPhase;
			buildActionMask = 2147483647;
			dstPath = "";
			dstSubfolderSpec = 13;
			files = (
				83D54002282906B400A72716 /* BookTimeWidgetExtension.appex in Embed App Extensions */,
			);
			name = "Embed App Extensions";
			runOnlyForDeploymentPostprocessing = 0;
		};
		839BF17D282CB0F2001E2A4E /* Embed Watch Content */ = {
			isa = PBXCopyFilesBuildPhase;
			buildActionMask = 2147483647;
			dstPath = "$(CONTENTS_FOLDER_PATH)/Watch";
			dstSubfolderSpec = 16;
			files = (
			);
			name = "Embed Watch Content";
			runOnlyForDeploymentPostprocessing = 0;
		};
/* End PBXCopyFilesBuildPhase section */

/* Begin PBXFileReference section */
		830935D7279F9F37006F8F56 /* ActivityView.swift */ = {isa = PBXFileReference; lastKnownFileType = sourcecode.swift; path = ActivityView.swift; sourceTree = "<group>"; };
		8317F8992772FE5C00864D2F /* Tools.swift */ = {isa = PBXFileReference; lastKnownFileType = sourcecode.swift; path = Tools.swift; sourceTree = "<group>"; };
		831939052802682A0011AA3C /* TagLabelStyle.swift */ = {isa = PBXFileReference; lastKnownFileType = sourcecode.swift; path = TagLabelStyle.swift; sourceTree = "<group>"; };
		8320045D2759B71900EB64FC /* Statistics.swift */ = {isa = PBXFileReference; lastKnownFileType = sourcecode.swift; path = Statistics.swift; sourceTree = "<group>"; };
		8338BEAE2773552E00D51AFF /* en */ = {isa = PBXFileReference; lastKnownFileType = text.plist.strings; name = en; path = en.lproj/Localizable.strings; sourceTree = "<group>"; };
		833F9D33282B49F2006F19AE /* TestSwiftUIView.swift */ = {isa = PBXFileReference; lastKnownFileType = sourcecode.swift; path = TestSwiftUIView.swift; sourceTree = "<group>"; };
		833F9D35282B586F006F19AE /* NotificationTool.swift */ = {isa = PBXFileReference; lastKnownFileType = sourcecode.swift; path = NotificationTool.swift; sourceTree = "<group>"; };
		83492C7E275624F2006B5FF2 /* IntExt.swift */ = {isa = PBXFileReference; lastKnownFileType = sourcecode.swift; path = IntExt.swift; sourceTree = "<group>"; };
		83502577275B012200EF9C5C /* Setting.swift */ = {isa = PBXFileReference; lastKnownFileType = sourcecode.swift; path = Setting.swift; sourceTree = "<group>"; };
		835A3CDF275652CA00672F98 /* NewBook.swift */ = {isa = PBXFileReference; lastKnownFileType = sourcecode.swift; path = NewBook.swift; sourceTree = "<group>"; };
		835B845A2760A04600F9BAE8 /* DateExt.swift */ = {isa = PBXFileReference; lastKnownFileType = sourcecode.swift; path = DateExt.swift; sourceTree = "<group>"; };
		835E822E276338D10079FF99 /* ReadLog.swift */ = {isa = PBXFileReference; lastKnownFileType = sourcecode.swift; path = ReadLog.swift; sourceTree = "<group>"; };
		83731C8F2755D0D600305305 /* BookTime.app */ = {isa = PBXFileReference; explicitFileType = wrapper.application; includeInIndex = 0; path = BookTime.app; sourceTree = BUILT_PRODUCTS_DIR; };
		83731C922755D0D600305305 /* BookTimeApp.swift */ = {isa = PBXFileReference; lastKnownFileType = sourcecode.swift; path = BookTimeApp.swift; sourceTree = "<group>"; };
		83731C962755D0D700305305 /* Assets.xcassets */ = {isa = PBXFileReference; lastKnownFileType = folder.assetcatalog; path = Assets.xcassets; sourceTree = "<group>"; };
		83731C992755D0D700305305 /* Preview Assets.xcassets */ = {isa = PBXFileReference; lastKnownFileType = folder.assetcatalog; path = "Preview Assets.xcassets"; sourceTree = "<group>"; };
		83731C9B2755D0D700305305 /* BookPersistence.swift */ = {isa = PBXFileReference; lastKnownFileType = sourcecode.swift; path = BookPersistence.swift; sourceTree = "<group>"; };
		83731C9E2755D0D700305305 /* BookTime.xcdatamodel */ = {isa = PBXFileReference; lastKnownFileType = wrapper.xcdatamodel; path = BookTime.xcdatamodel; sourceTree = "<group>"; };
		83731CA62755D1BF00305305 /* Book.swift */ = {isa = PBXFileReference; lastKnownFileType = sourcecode.swift; path = Book.swift; sourceTree = "<group>"; };
		83731CA92755D39A00305305 /* BookList.swift */ = {isa = PBXFileReference; lastKnownFileType = sourcecode.swift; path = BookList.swift; sourceTree = "<group>"; };
		83731CAB2755D45D00305305 /* BookListItem.swift */ = {isa = PBXFileReference; lastKnownFileType = sourcecode.swift; path = BookListItem.swift; sourceTree = "<group>"; };
		83817D3827A52A7E00A8CD96 /* BookTimeFileDoc.swift */ = {isa = PBXFileReference; lastKnownFileType = sourcecode.swift; path = BookTimeFileDoc.swift; sourceTree = "<group>"; };
		8383161E28045D0600869E1D /* BarView.swift */ = {isa = PBXFileReference; lastKnownFileType = sourcecode.swift; path = BarView.swift; sourceTree = "<group>"; };
		8383162028045E7900869E1D /* ChartData.swift */ = {isa = PBXFileReference; lastKnownFileType = sourcecode.swift; path = ChartData.swift; sourceTree = "<group>"; };
		838B8ABC2769B47700B8E87A /* ViewExt.swift */ = {isa = PBXFileReference; lastKnownFileType = sourcecode.swift; path = ViewExt.swift; sourceTree = "<group>"; };
		8392247D2827A7EA00303541 /* WidgetKit.framework */ = {isa = PBXFileReference; lastKnownFileType = wrapper.framework; name = WidgetKit.framework; path = System/Library/Frameworks/WidgetKit.framework; sourceTree = SDKROOT; };
		8392247F2827A7EA00303541 /* SwiftUI.framework */ = {isa = PBXFileReference; lastKnownFileType = wrapper.framework; name = SwiftUI.framework; path = System/Library/Frameworks/SwiftUI.framework; sourceTree = SDKROOT; };
		83924E61276CDA55002D0678 /* BookTime.entitlements */ = {isa = PBXFileReference; lastKnownFileType = text.plist.entitlements; path = BookTime.entitlements; sourceTree = "<group>"; };
		83924E63276CDB7E002D0678 /* CloudKit.framework */ = {isa = PBXFileReference; lastKnownFileType = wrapper.framework; name = CloudKit.framework; path = System/Library/Frameworks/CloudKit.framework; sourceTree = SDKROOT; };
		83955FEA275EFB43004408C3 /* About.swift */ = {isa = PBXFileReference; lastKnownFileType = sourcecode.swift; path = About.swift; sourceTree = "<group>"; };
		839B4E6327572FBC00AB05AF /* BookViewModel.swift */ = {isa = PBXFileReference; lastKnownFileType = sourcecode.swift; path = BookViewModel.swift; sourceTree = "<group>"; };
		839B4E66275758C600AB05AF /* ImagePicker.swift */ = {isa = PBXFileReference; fileEncoding = 4; lastKnownFileType = sourcecode.swift; path = ImagePicker.swift; sourceTree = "<group>"; };
		839B4E682757648200AB05AF /* BookCard.swift */ = {isa = PBXFileReference; lastKnownFileType = sourcecode.swift; path = BookCard.swift; sourceTree = "<group>"; };
		839B4E6D2757763900AB05AF /* TimerView.swift */ = {isa = PBXFileReference; lastKnownFileType = sourcecode.swift; path = TimerView.swift; sourceTree = "<group>"; };
		839B9C2327734802001094C6 /* zh-Hans */ = {isa = PBXFileReference; lastKnownFileType = text.plist.strings; name = "zh-Hans"; path = "zh-Hans.lproj/BookTime-InfoPlist.strings"; sourceTree = "<group>"; };
		839B9C2627734802001094C6 /* zh-Hans */ = {isa = PBXFileReference; lastKnownFileType = text.plist.strings; name = "zh-Hans"; path = "zh-Hans.lproj/Localizable.strings"; sourceTree = "<group>"; };
		83B03AD727698032005B4700 /* Slogan.swift */ = {isa = PBXFileReference; lastKnownFileType = sourcecode.swift; path = Slogan.swift; sourceTree = "<group>"; };
		83BFC2672761EB5D001E8E0E /* ScanDocumentView.swift */ = {isa = PBXFileReference; lastKnownFileType = sourcecode.swift; path = ScanDocumentView.swift; sourceTree = "<group>"; };
		83BFC2692762053E001E8E0E /* ImageExt.swift */ = {isa = PBXFileReference; lastKnownFileType = sourcecode.swift; path = ImageExt.swift; sourceTree = "<group>"; };
		83CE2E84277AD28F00ADD42F /* en */ = {isa = PBXFileReference; lastKnownFileType = text.plist.strings; name = en; path = "en.lproj/BookTime-InfoPlist.strings"; sourceTree = "<group>"; };
		83CE5BF7277DF4A00041D919 /* Info.plist */ = {isa = PBXFileReference; lastKnownFileType = text.plist; path = Info.plist; sourceTree = "<group>"; };
		83D53FF7282906B300A72716 /* BookTimeWidgetExtension.appex */ = {isa = PBXFileReference; explicitFileType = "wrapper.app-extension"; includeInIndex = 0; path = BookTimeWidgetExtension.appex; sourceTree = BUILT_PRODUCTS_DIR; };
		83D53FFB282906B300A72716 /* BookTimeWidget.swift */ = {isa = PBXFileReference; lastKnownFileType = sourcecode.swift; path = BookTimeWidget.swift; sourceTree = "<group>"; };
		83D53FFD282906B400A72716 /* Assets.xcassets */ = {isa = PBXFileReference; lastKnownFileType = folder.assetcatalog; path = Assets.xcassets; sourceTree = "<group>"; };
		83D53FFF282906B400A72716 /* Info.plist */ = {isa = PBXFileReference; lastKnownFileType = text.plist.xml; path = Info.plist; sourceTree = "<group>"; };
		83D54006282906BC00A72716 /* BookTimeWidgetExtension.entitlements */ = {isa = PBXFileReference; lastKnownFileType = text.plist.entitlements; path = BookTimeWidgetExtension.entitlements; sourceTree = "<group>"; };
		83DC51EC27589ED200C2A90A /* TimerTrack.swift */ = {isa = PBXFileReference; lastKnownFileType = sourcecode.swift; path = TimerTrack.swift; sourceTree = "<group>"; };
		83FC0BCD277B0212004C6C27 /* Tutorial.swift */ = {isa = PBXFileReference; lastKnownFileType = sourcecode.swift; path = Tutorial.swift; sourceTree = "<group>"; };
/* End PBXFileReference section */

/* Begin PBXFrameworksBuildPhase section */
		83731C8C2755D0D600305305 /* Frameworks */ = {
			isa = PBXFrameworksBuildPhase;
			buildActionMask = 2147483647;
			files = (
				838316142803FE4800869E1D /* ConfettiSwiftUI in Frameworks */,
				83831617280426B100869E1D /* SwiftUICharts in Frameworks */,
				83924E64276CDB7E002D0678 /* CloudKit.framework in Frameworks */,
				838316112803DA3100869E1D /* AlertToast in Frameworks */,
			);
			runOnlyForDeploymentPostprocessing = 0;
		};
		83D53FF4282906B300A72716 /* Frameworks */ = {
			isa = PBXFrameworksBuildPhase;
			buildActionMask = 2147483647;
			files = (
				83D53FF9282906B300A72716 /* SwiftUI.framework in Frameworks */,
				83D53FF8282906B300A72716 /* WidgetKit.framework in Frameworks */,
			);
			runOnlyForDeploymentPostprocessing = 0;
		};
/* End PBXFrameworksBuildPhase section */

/* Begin PBXGroup section */
		83193904280267FA0011AA3C /* Style */ = {
			isa = PBXGroup;
			children = (
				831939052802682A0011AA3C /* TagLabelStyle.swift */,
			);
			path = Style;
			sourceTree = "<group>";
		};
		83492C7B275624BC006B5FF2 /* Extensions */ = {
			isa = PBXGroup;
			children = (
				83492C7E275624F2006B5FF2 /* IntExt.swift */,
				835B845A2760A04600F9BAE8 /* DateExt.swift */,
				83BFC2692762053E001E8E0E /* ImageExt.swift */,
				838B8ABC2769B47700B8E87A /* ViewExt.swift */,
			);
			path = Extensions;
			sourceTree = "<group>";
		};
		83731C862755D0D600305305 = {
			isa = PBXGroup;
			children = (
				83D54006282906BC00A72716 /* BookTimeWidgetExtension.entitlements */,
				839B9C2527734802001094C6 /* Localizable.strings */,
				839B9C2227734802001094C6 /* BookTime-InfoPlist.strings */,
				83731C912755D0D600305305 /* BookTime */,
				83D53FFA282906B300A72716 /* BookTimeWidget */,
				83731C902755D0D600305305 /* Products */,
				83924E62276CDB7E002D0678 /* Frameworks */,
			);
			sourceTree = "<group>";
		};
		83731C902755D0D600305305 /* Products */ = {
			isa = PBXGroup;
			children = (
				83731C8F2755D0D600305305 /* BookTime.app */,
				83D53FF7282906B300A72716 /* BookTimeWidgetExtension.appex */,
			);
			name = Products;
			sourceTree = "<group>";
		};
		83731C912755D0D600305305 /* BookTime */ = {
			isa = PBXGroup;
			children = (
				83193904280267FA0011AA3C /* Style */,
				838316E327B3B5DF001575E0 /* Resources */,
				83CE5BF7277DF4A00041D919 /* Info.plist */,
				83924E61276CDA55002D0678 /* BookTime.entitlements */,
				839B4E65275758A500AB05AF /* Util */,
				839B4E6227572FA800AB05AF /* ViewModel */,
				83492C7B275624BC006B5FF2 /* Extensions */,
				83731CA82755D37C00305305 /* View */,
				83731CA52755D18700305305 /* Model */,
				83731C922755D0D600305305 /* BookTimeApp.swift */,
				83817D3827A52A7E00A8CD96 /* BookTimeFileDoc.swift */,
				83731C962755D0D700305305 /* Assets.xcassets */,
				83731C9D2755D0D700305305 /* BookTime.xcdatamodeld */,
				83731C982755D0D700305305 /* Preview Content */,
			);
			path = BookTime;
			sourceTree = "<group>";
		};
		83731C982755D0D700305305 /* Preview Content */ = {
			isa = PBXGroup;
			children = (
				83731C992755D0D700305305 /* Preview Assets.xcassets */,
			);
			path = "Preview Content";
			sourceTree = "<group>";
		};
		83731CA52755D18700305305 /* Model */ = {
			isa = PBXGroup;
			children = (
				83731CA62755D1BF00305305 /* Book.swift */,
				83731C9B2755D0D700305305 /* BookPersistence.swift */,
				835E822E276338D10079FF99 /* ReadLog.swift */,
			);
			path = Model;
			sourceTree = "<group>";
		};
		83731CA82755D37C00305305 /* View */ = {
			isa = PBXGroup;
			children = (
				8383161D28045CF700869E1D /* Chart */,
				83731CA92755D39A00305305 /* BookList.swift */,
				83731CAB2755D45D00305305 /* BookListItem.swift */,
				835A3CDF275652CA00672F98 /* NewBook.swift */,
				839B4E682757648200AB05AF /* BookCard.swift */,
				839B4E6D2757763900AB05AF /* TimerView.swift */,
				8320045D2759B71900EB64FC /* Statistics.swift */,
				83502577275B012200EF9C5C /* Setting.swift */,
				83955FEA275EFB43004408C3 /* About.swift */,
				83B03AD727698032005B4700 /* Slogan.swift */,
				83FC0BCD277B0212004C6C27 /* Tutorial.swift */,
				830935D7279F9F37006F8F56 /* ActivityView.swift */,
				833F9D33282B49F2006F19AE /* TestSwiftUIView.swift */,
			);
			path = View;
			sourceTree = "<group>";
		};
		8383161D28045CF700869E1D /* Chart */ = {
			isa = PBXGroup;
			children = (
				8383161E28045D0600869E1D /* BarView.swift */,
				8383162028045E7900869E1D /* ChartData.swift */,
			);
			path = Chart;
			sourceTree = "<group>";
		};
		838316E327B3B5DF001575E0 /* Resources */ = {
			isa = PBXGroup;
			children = (
				838316E427B3B5E8001575E0 /* Fonts */,
			);
			path = Resources;
			sourceTree = "<group>";
		};
		838316E427B3B5E8001575E0 /* Fonts */ = {
			isa = PBXGroup;
			children = (
			);
			path = Fonts;
			sourceTree = "<group>";
		};
		83924E62276CDB7E002D0678 /* Frameworks */ = {
			isa = PBXGroup;
			children = (
				83924E63276CDB7E002D0678 /* CloudKit.framework */,
				8392247D2827A7EA00303541 /* WidgetKit.framework */,
				8392247F2827A7EA00303541 /* SwiftUI.framework */,
			);
			name = Frameworks;
			sourceTree = "<group>";
		};
		839B4E6227572FA800AB05AF /* ViewModel */ = {
			isa = PBXGroup;
			children = (
				839B4E6327572FBC00AB05AF /* BookViewModel.swift */,
			);
			path = ViewModel;
			sourceTree = "<group>";
		};
		839B4E65275758A500AB05AF /* Util */ = {
			isa = PBXGroup;
			children = (
				839B4E66275758C600AB05AF /* ImagePicker.swift */,
				83DC51EC27589ED200C2A90A /* TimerTrack.swift */,
				83BFC2672761EB5D001E8E0E /* ScanDocumentView.swift */,
				8317F8992772FE5C00864D2F /* Tools.swift */,
				833F9D35282B586F006F19AE /* NotificationTool.swift */,
			);
			path = Util;
			sourceTree = "<group>";
		};
		83D53FFA282906B300A72716 /* BookTimeWidget */ = {
			isa = PBXGroup;
			children = (
				83D53FFB282906B300A72716 /* BookTimeWidget.swift */,
				83D53FFD282906B400A72716 /* Assets.xcassets */,
				83D53FFF282906B400A72716 /* Info.plist */,
			);
			path = BookTimeWidget;
			sourceTree = "<group>";
		};
/* End PBXGroup section */

/* Begin PBXNativeTarget section */
		83731C8E2755D0D600305305 /* BookTime */ = {
			isa = PBXNativeTarget;
			buildConfigurationList = 83731CA22755D0D700305305 /* Build configuration list for PBXNativeTarget "BookTime" */;
			buildPhases = (
				83731C8B2755D0D600305305 /* Sources */,
				83731C8C2755D0D600305305 /* Frameworks */,
				83731C8D2755D0D600305305 /* Resources */,
				8392248D2827A7EB00303541 /* Embed App Extensions */,
				839BF17D282CB0F2001E2A4E /* Embed Watch Content */,
			);
			buildRules = (
			);
			dependencies = (
				83D54001282906B400A72716 /* PBXTargetDependency */,
			);
			name = BookTime;
			packageProductDependencies = (
				838316102803DA3100869E1D /* AlertToast */,
				838316132803FE4800869E1D /* ConfettiSwiftUI */,
				83831616280426B100869E1D /* SwiftUICharts */,
			);
			productName = BookTime;
			productReference = 83731C8F2755D0D600305305 /* BookTime.app */;
			productType = "com.apple.product-type.application";
		};
		83D53FF6282906B300A72716 /* BookTimeWidgetExtension */ = {
			isa = PBXNativeTarget;
			buildConfigurationList = 83D54003282906B400A72716 /* Build configuration list for PBXNativeTarget "BookTimeWidgetExtension" */;
			buildPhases = (
				83D53FF3282906B300A72716 /* Sources */,
				83D53FF4282906B300A72716 /* Frameworks */,
				83D53FF5282906B300A72716 /* Resources */,
			);
			buildRules = (
			);
			dependencies = (
			);
			name = BookTimeWidgetExtension;
			productName = BookTimeWidgetExtension;
			productReference = 83D53FF7282906B300A72716 /* BookTimeWidgetExtension.appex */;
			productType = "com.apple.product-type.app-extension";
		};
/* End PBXNativeTarget section */

/* Begin PBXProject section */
		83731C872755D0D600305305 /* Project object */ = {
			isa = PBXProject;
			attributes = {
				BuildIndependentTargetsInParallel = 1;
				LastSwiftUpdateCheck = 1330;
				LastUpgradeCheck = 1320;
				TargetAttributes = {
					83731C8E2755D0D600305305 = {
						CreatedOnToolsVersion = 13.1;
					};
					83D53FF6282906B300A72716 = {
						CreatedOnToolsVersion = 13.3.1;
					};
				};
			};
			buildConfigurationList = 83731C8A2755D0D600305305 /* Build configuration list for PBXProject "BookTime" */;
			compatibilityVersion = "Xcode 13.0";
			developmentRegion = en;
			hasScannedForEncodings = 0;
			knownRegions = (
				en,
				"zh-Hans",
				Base,
			);
			mainGroup = 83731C862755D0D600305305;
			packageReferences = (
				8383160F2803DA3100869E1D /* XCRemoteSwiftPackageReference "AlertToast" */,
				838316122803FE4800869E1D /* XCRemoteSwiftPackageReference "ConfettiSwiftUI" */,
				83831615280426B100869E1D /* XCRemoteSwiftPackageReference "ChartView" */,
			);
			productRefGroup = 83731C902755D0D600305305 /* Products */;
			projectDirPath = "";
			projectRoot = "";
			targets = (
				83731C8E2755D0D600305305 /* BookTime */,
				83D53FF6282906B300A72716 /* BookTimeWidgetExtension */,
			);
		};
/* End PBXProject section */

/* Begin PBXResourcesBuildPhase section */
		83731C8D2755D0D600305305 /* Resources */ = {
			isa = PBXResourcesBuildPhase;
			buildActionMask = 2147483647;
			files = (
				839B9C2427734802001094C6 /* BookTime-InfoPlist.strings in Resources */,
				839B9C2727734802001094C6 /* Localizable.strings in Resources */,
				83731C9A2755D0D700305305 /* Preview Assets.xcassets in Resources */,
				83731C972755D0D700305305 /* Assets.xcassets in Resources */,
			);
			runOnlyForDeploymentPostprocessing = 0;
		};
		83D53FF5282906B300A72716 /* Resources */ = {
			isa = PBXResourcesBuildPhase;
			buildActionMask = 2147483647;
			files = (
				83D53FFE282906B400A72716 /* Assets.xcassets in Resources */,
				83D540082829095D00A72716 /* Localizable.strings in Resources */,
			);
			runOnlyForDeploymentPostprocessing = 0;
		};
/* End PBXResourcesBuildPhase section */

/* Begin PBXSourcesBuildPhase section */
		83731C8B2755D0D600305305 /* Sources */ = {
			isa = PBXSourcesBuildPhase;
			buildActionMask = 2147483647;
			files = (
				8383161F28045D0600869E1D /* BarView.swift in Sources */,
				8320045E2759B71900EB64FC /* Statistics.swift in Sources */,
				83731CAC2755D45D00305305 /* BookListItem.swift in Sources */,
				83492C7F275624F2006B5FF2 /* IntExt.swift in Sources */,
				83BFC26A2762053E001E8E0E /* ImageExt.swift in Sources */,
				83731CAA2755D39A00305305 /* BookList.swift in Sources */,
				83955FEB275EFB43004408C3 /* About.swift in Sources */,
				831939062802682A0011AA3C /* TagLabelStyle.swift in Sources */,
				83BFC2682761EB5D001E8E0E /* ScanDocumentView.swift in Sources */,
				83B03AD827698032005B4700 /* Slogan.swift in Sources */,
				839B4E692757648200AB05AF /* BookCard.swift in Sources */,
				83817D3927A52A7E00A8CD96 /* BookTimeFileDoc.swift in Sources */,
				835E822F276338D10079FF99 /* ReadLog.swift in Sources */,
				83731C9C2755D0D700305305 /* BookPersistence.swift in Sources */,
				83731C932755D0D600305305 /* BookTimeApp.swift in Sources */,
				839B4E6E2757763900AB05AF /* TimerView.swift in Sources */,
				839B4E6427572FBC00AB05AF /* BookViewModel.swift in Sources */,
				835A3CE0275652CA00672F98 /* NewBook.swift in Sources */,
				833F9D34282B49F2006F19AE /* TestSwiftUIView.swift in Sources */,
				8383162128045E7900869E1D /* ChartData.swift in Sources */,
				83DC51ED27589ED200C2A90A /* TimerTrack.swift in Sources */,
				833F9D36282B586F006F19AE /* NotificationTool.swift in Sources */,
				830935D8279F9F37006F8F56 /* ActivityView.swift in Sources */,
				838B8ABD2769B47700B8E87A /* ViewExt.swift in Sources */,
				839B4E67275758C600AB05AF /* ImagePicker.swift in Sources */,
				83731CA72755D1BF00305305 /* Book.swift in Sources */,
				83502578275B012200EF9C5C /* Setting.swift in Sources */,
				8317F89A2772FE5C00864D2F /* Tools.swift in Sources */,
				83731C9F2755D0D700305305 /* BookTime.xcdatamodeld in Sources */,
				83FC0BCE277B0212004C6C27 /* Tutorial.swift in Sources */,
				835B845B2760A04600F9BAE8 /* DateExt.swift in Sources */,
			);
			runOnlyForDeploymentPostprocessing = 0;
		};
		83D53FF3282906B300A72716 /* Sources */ = {
			isa = PBXSourcesBuildPhase;
			buildActionMask = 2147483647;
			files = (
				839BF13C282CA139001E2A4E /* Tools.swift in Sources */,
				83D53FFC282906B300A72716 /* BookTimeWidget.swift in Sources */,
				83D540072829080200A72716 /* DateExt.swift in Sources */,
			);
			runOnlyForDeploymentPostprocessing = 0;
		};
/* End PBXSourcesBuildPhase section */

/* Begin PBXTargetDependency section */
		83D54001282906B400A72716 /* PBXTargetDependency */ = {
			isa = PBXTargetDependency;
			target = 83D53FF6282906B300A72716 /* BookTimeWidgetExtension */;
			targetProxy = 83D54000282906B400A72716 /* PBXContainerItemProxy */;
		};
/* End PBXTargetDependency section */

/* Begin PBXVariantGroup section */
		839B9C2227734802001094C6 /* BookTime-InfoPlist.strings */ = {
			isa = PBXVariantGroup;
			children = (
				839B9C2327734802001094C6 /* zh-Hans */,
				83CE2E84277AD28F00ADD42F /* en */,
			);
			name = "BookTime-InfoPlist.strings";
			sourceTree = "<group>";
		};
		839B9C2527734802001094C6 /* Localizable.strings */ = {
			isa = PBXVariantGroup;
			children = (
				839B9C2627734802001094C6 /* zh-Hans */,
				8338BEAE2773552E00D51AFF /* en */,
			);
			name = Localizable.strings;
			sourceTree = "<group>";
		};
/* End PBXVariantGroup section */

/* Begin XCBuildConfiguration section */
		83731CA02755D0D700305305 /* Debug */ = {
			isa = XCBuildConfiguration;
			buildSettings = {
				ALWAYS_SEARCH_USER_PATHS = NO;
				CLANG_ANALYZER_LOCALIZABILITY_NONLOCALIZED = YES;
				CLANG_ANALYZER_NONNULL = YES;
				CLANG_ANALYZER_NUMBER_OBJECT_CONVERSION = YES_AGGRESSIVE;
				CLANG_CXX_LANGUAGE_STANDARD = "gnu++17";
				CLANG_CXX_LIBRARY = "libc++";
				CLANG_ENABLE_MODULES = YES;
				CLANG_ENABLE_OBJC_ARC = YES;
				CLANG_ENABLE_OBJC_WEAK = YES;
				CLANG_WARN_BLOCK_CAPTURE_AUTORELEASING = YES;
				CLANG_WARN_BOOL_CONVERSION = YES;
				CLANG_WARN_COMMA = YES;
				CLANG_WARN_CONSTANT_CONVERSION = YES;
				CLANG_WARN_DEPRECATED_OBJC_IMPLEMENTATIONS = YES;
				CLANG_WARN_DIRECT_OBJC_ISA_USAGE = YES_ERROR;
				CLANG_WARN_DOCUMENTATION_COMMENTS = YES;
				CLANG_WARN_EMPTY_BODY = YES;
				CLANG_WARN_ENUM_CONVERSION = YES;
				CLANG_WARN_INFINITE_RECURSION = YES;
				CLANG_WARN_INT_CONVERSION = YES;
				CLANG_WARN_NON_LITERAL_NULL_CONVERSION = YES;
				CLANG_WARN_OBJC_IMPLICIT_RETAIN_SELF = YES;
				CLANG_WARN_OBJC_LITERAL_CONVERSION = YES;
				CLANG_WARN_OBJC_ROOT_CLASS = YES_ERROR;
				CLANG_WARN_QUOTED_INCLUDE_IN_FRAMEWORK_HEADER = YES;
				CLANG_WARN_RANGE_LOOP_ANALYSIS = YES;
				CLANG_WARN_STRICT_PROTOTYPES = YES;
				CLANG_WARN_SUSPICIOUS_MOVE = YES;
				CLANG_WARN_UNGUARDED_AVAILABILITY = YES_AGGRESSIVE;
				CLANG_WARN_UNREACHABLE_CODE = YES;
				CLANG_WARN__DUPLICATE_METHOD_MATCH = YES;
				COPY_PHASE_STRIP = NO;
				DEBUG_INFORMATION_FORMAT = dwarf;
				ENABLE_STRICT_OBJC_MSGSEND = YES;
				ENABLE_TESTABILITY = YES;
				GCC_C_LANGUAGE_STANDARD = gnu11;
				GCC_DYNAMIC_NO_PIC = NO;
				GCC_NO_COMMON_BLOCKS = YES;
				GCC_OPTIMIZATION_LEVEL = 0;
				GCC_PREPROCESSOR_DEFINITIONS = (
					"DEBUG=1",
					"$(inherited)",
				);
				GCC_WARN_64_TO_32_BIT_CONVERSION = YES;
				GCC_WARN_ABOUT_RETURN_TYPE = YES_ERROR;
				GCC_WARN_UNDECLARED_SELECTOR = YES;
				GCC_WARN_UNINITIALIZED_AUTOS = YES_AGGRESSIVE;
				GCC_WARN_UNUSED_FUNCTION = YES;
				GCC_WARN_UNUSED_VARIABLE = YES;
				IPHONEOS_DEPLOYMENT_TARGET = 15.0;
				MTL_ENABLE_DEBUG_INFO = INCLUDE_SOURCE;
				MTL_FAST_MATH = YES;
				ONLY_ACTIVE_ARCH = YES;
				SDKROOT = iphoneos;
				SWIFT_ACTIVE_COMPILATION_CONDITIONS = DEBUG;
				SWIFT_OPTIMIZATION_LEVEL = "-Onone";
			};
			name = Debug;
		};
		83731CA12755D0D700305305 /* Release */ = {
			isa = XCBuildConfiguration;
			buildSettings = {
				ALWAYS_SEARCH_USER_PATHS = NO;
				CLANG_ANALYZER_LOCALIZABILITY_NONLOCALIZED = YES;
				CLANG_ANALYZER_NONNULL = YES;
				CLANG_ANALYZER_NUMBER_OBJECT_CONVERSION = YES_AGGRESSIVE;
				CLANG_CXX_LANGUAGE_STANDARD = "gnu++17";
				CLANG_CXX_LIBRARY = "libc++";
				CLANG_ENABLE_MODULES = YES;
				CLANG_ENABLE_OBJC_ARC = YES;
				CLANG_ENABLE_OBJC_WEAK = YES;
				CLANG_WARN_BLOCK_CAPTURE_AUTORELEASING = YES;
				CLANG_WARN_BOOL_CONVERSION = YES;
				CLANG_WARN_COMMA = YES;
				CLANG_WARN_CONSTANT_CONVERSION = YES;
				CLANG_WARN_DEPRECATED_OBJC_IMPLEMENTATIONS = YES;
				CLANG_WARN_DIRECT_OBJC_ISA_USAGE = YES_ERROR;
				CLANG_WARN_DOCUMENTATION_COMMENTS = YES;
				CLANG_WARN_EMPTY_BODY = YES;
				CLANG_WARN_ENUM_CONVERSION = YES;
				CLANG_WARN_INFINITE_RECURSION = YES;
				CLANG_WARN_INT_CONVERSION = YES;
				CLANG_WARN_NON_LITERAL_NULL_CONVERSION = YES;
				CLANG_WARN_OBJC_IMPLICIT_RETAIN_SELF = YES;
				CLANG_WARN_OBJC_LITERAL_CONVERSION = YES;
				CLANG_WARN_OBJC_ROOT_CLASS = YES_ERROR;
				CLANG_WARN_QUOTED_INCLUDE_IN_FRAMEWORK_HEADER = YES;
				CLANG_WARN_RANGE_LOOP_ANALYSIS = YES;
				CLANG_WARN_STRICT_PROTOTYPES = YES;
				CLANG_WARN_SUSPICIOUS_MOVE = YES;
				CLANG_WARN_UNGUARDED_AVAILABILITY = YES_AGGRESSIVE;
				CLANG_WARN_UNREACHABLE_CODE = YES;
				CLANG_WARN__DUPLICATE_METHOD_MATCH = YES;
				COPY_PHASE_STRIP = NO;
				DEBUG_INFORMATION_FORMAT = "dwarf-with-dsym";
				ENABLE_NS_ASSERTIONS = NO;
				ENABLE_STRICT_OBJC_MSGSEND = YES;
				GCC_C_LANGUAGE_STANDARD = gnu11;
				GCC_NO_COMMON_BLOCKS = YES;
				GCC_WARN_64_TO_32_BIT_CONVERSION = YES;
				GCC_WARN_ABOUT_RETURN_TYPE = YES_ERROR;
				GCC_WARN_UNDECLARED_SELECTOR = YES;
				GCC_WARN_UNINITIALIZED_AUTOS = YES_AGGRESSIVE;
				GCC_WARN_UNUSED_FUNCTION = YES;
				GCC_WARN_UNUSED_VARIABLE = YES;
				IPHONEOS_DEPLOYMENT_TARGET = 15.0;
				MTL_ENABLE_DEBUG_INFO = NO;
				MTL_FAST_MATH = YES;
				SDKROOT = iphoneos;
				SWIFT_COMPILATION_MODE = wholemodule;
				SWIFT_OPTIMIZATION_LEVEL = "-O";
				VALIDATE_PRODUCT = YES;
			};
			name = Release;
		};
		83731CA32755D0D700305305 /* Debug */ = {
			isa = XCBuildConfiguration;
			buildSettings = {
				ALWAYS_EMBED_SWIFT_STANDARD_LIBRARIES = YES;
				ASSETCATALOG_COMPILER_APPICON_NAME = AppIcon;
				ASSETCATALOG_COMPILER_GLOBAL_ACCENT_COLOR_NAME = AccentColor;
				CODE_SIGN_ENTITLEMENTS = BookTime/BookTime.entitlements;
				CODE_SIGN_IDENTITY = "Apple Development";
				CODE_SIGN_STYLE = Automatic;
				CURRENT_PROJECT_VERSION = 31;
				DEVELOPMENT_ASSET_PATHS = "\"BookTime/Preview Content\"";
				DEVELOPMENT_TEAM = M84W4U7RV7;
				ENABLE_PREVIEWS = YES;
				GENERATE_INFOPLIST_FILE = YES;
				INFOPLIST_FILE = BookTime/Info.plist;
				INFOPLIST_KEY_LSApplicationCategoryType = "";
				INFOPLIST_KEY_NSCameraUsageDescription = "如果要拍照作为图书封面，您需要给我授权。";
				INFOPLIST_KEY_NSPhotoLibraryAddUsageDescription = "如果要选择相册里的图片作为封面，您需要给我授权。";
				INFOPLIST_KEY_UIApplicationSceneManifest_Generation = YES;
				INFOPLIST_KEY_UIApplicationSupportsIndirectInputEvents = YES;
				INFOPLIST_KEY_UILaunchScreen_Generation = YES;
				INFOPLIST_KEY_UISupportedInterfaceOrientations_iPad = "UIInterfaceOrientationPortrait UIInterfaceOrientationPortraitUpsideDown UIInterfaceOrientationLandscapeLeft UIInterfaceOrientationLandscapeRight";
				INFOPLIST_KEY_UISupportedInterfaceOrientations_iPhone = "UIInterfaceOrientationPortrait UIInterfaceOrientationLandscapeLeft UIInterfaceOrientationLandscapeRight";
				LD_RUNPATH_SEARCH_PATHS = (
					"$(inherited)",
					"@executable_path/Frameworks",
				);
				MARKETING_VERSION = 1.22.5;
				PRODUCT_BUNDLE_IDENTIFIER = com.aruistar.BookTime;
				PRODUCT_NAME = BookTime;
				PROVISIONING_PROFILE_SPECIFIER = "";
				SWIFT_EMIT_LOC_STRINGS = YES;
				SWIFT_VERSION = 5.0;
				TARGETED_DEVICE_FAMILY = "1,2";
			};
			name = Debug;
		};
		83731CA42755D0D700305305 /* Release */ = {
			isa = XCBuildConfiguration;
			buildSettings = {
				ALWAYS_EMBED_SWIFT_STANDARD_LIBRARIES = YES;
				ASSETCATALOG_COMPILER_APPICON_NAME = AppIcon;
				ASSETCATALOG_COMPILER_GLOBAL_ACCENT_COLOR_NAME = AccentColor;
				CODE_SIGN_ENTITLEMENTS = BookTime/BookTime.entitlements;
				CODE_SIGN_IDENTITY = "Apple Development";
				CODE_SIGN_STYLE = Automatic;
				CURRENT_PROJECT_VERSION = 31;
				DEVELOPMENT_ASSET_PATHS = "\"BookTime/Preview Content\"";
				DEVELOPMENT_TEAM = M84W4U7RV7;
				ENABLE_PREVIEWS = YES;
				GENERATE_INFOPLIST_FILE = YES;
				INFOPLIST_FILE = BookTime/Info.plist;
				INFOPLIST_KEY_LSApplicationCategoryType = "";
				INFOPLIST_KEY_NSCameraUsageDescription = "如果要拍照作为图书封面，您需要给我授权。";
				INFOPLIST_KEY_NSPhotoLibraryAddUsageDescription = "如果要选择相册里的图片作为封面，您需要给我授权。";
				INFOPLIST_KEY_UIApplicationSceneManifest_Generation = YES;
				INFOPLIST_KEY_UIApplicationSupportsIndirectInputEvents = YES;
				INFOPLIST_KEY_UILaunchScreen_Generation = YES;
				INFOPLIST_KEY_UISupportedInterfaceOrientations_iPad = "UIInterfaceOrientationPortrait UIInterfaceOrientationPortraitUpsideDown UIInterfaceOrientationLandscapeLeft UIInterfaceOrientationLandscapeRight";
				INFOPLIST_KEY_UISupportedInterfaceOrientations_iPhone = "UIInterfaceOrientationPortrait UIInterfaceOrientationLandscapeLeft UIInterfaceOrientationLandscapeRight";
				LD_RUNPATH_SEARCH_PATHS = (
					"$(inherited)",
					"@executable_path/Frameworks",
				);
				MARKETING_VERSION = 1.22.5;
				PRODUCT_BUNDLE_IDENTIFIER = com.aruistar.BookTime;
				PRODUCT_NAME = BookTime;
				PROVISIONING_PROFILE_SPECIFIER = "";
				SWIFT_EMIT_LOC_STRINGS = YES;
				SWIFT_VERSION = 5.0;
				TARGETED_DEVICE_FAMILY = "1,2";
			};
			name = Release;
		};
		83D54004282906B400A72716 /* Debug */ = {
			isa = XCBuildConfiguration;
			buildSettings = {
				ASSETCATALOG_COMPILER_GLOBAL_ACCENT_COLOR_NAME = AccentColor;
				ASSETCATALOG_COMPILER_WIDGET_BACKGROUND_COLOR_NAME = WidgetBackground;
				CODE_SIGN_ENTITLEMENTS = BookTimeWidgetExtension.entitlements;
				CODE_SIGN_IDENTITY = "Apple Development";
				CODE_SIGN_STYLE = Automatic;
				CURRENT_PROJECT_VERSION = 31;
				DEVELOPMENT_TEAM = M84W4U7RV7;
				GENERATE_INFOPLIST_FILE = YES;
				INFOPLIST_FILE = BookTimeWidget/Info.plist;
				INFOPLIST_KEY_CFBundleDisplayName = BookTimeWidget;
				INFOPLIST_KEY_NSHumanReadableCopyright = "";
				IPHONEOS_DEPLOYMENT_TARGET = 15.4;
				LD_RUNPATH_SEARCH_PATHS = (
					"$(inherited)",
					"@executable_path/Frameworks",
					"@executable_path/../../Frameworks",
				);
				MARKETING_VERSION = 1.22.5;
				PRODUCT_BUNDLE_IDENTIFIER = com.aruistar.BookTime.BookTimeWidget;
				PRODUCT_NAME = "$(TARGET_NAME)";
				SKIP_INSTALL = YES;
				SWIFT_EMIT_LOC_STRINGS = YES;
				SWIFT_VERSION = 5.0;
				TARGETED_DEVICE_FAMILY = "1,2";
			};
			name = Debug;
		};
		83D54005282906B400A72716 /* Release */ = {
			isa = XCBuildConfiguration;
			buildSettings = {
				ASSETCATALOG_COMPILER_GLOBAL_ACCENT_COLOR_NAME = AccentColor;
				ASSETCATALOG_COMPILER_WIDGET_BACKGROUND_COLOR_NAME = WidgetBackground;
				CODE_SIGN_ENTITLEMENTS = BookTimeWidgetExtension.entitlements;
				CODE_SIGN_IDENTITY = "Apple Development";
				CODE_SIGN_STYLE = Automatic;
				CURRENT_PROJECT_VERSION = 31;
				DEVELOPMENT_TEAM = M84W4U7RV7;
				GENERATE_INFOPLIST_FILE = YES;
				INFOPLIST_FILE = BookTimeWidget/Info.plist;
				INFOPLIST_KEY_CFBundleDisplayName = BookTimeWidget;
				INFOPLIST_KEY_NSHumanReadableCopyright = "";
				IPHONEOS_DEPLOYMENT_TARGET = 15.4;
				LD_RUNPATH_SEARCH_PATHS = (
					"$(inherited)",
					"@executable_path/Frameworks",
					"@executable_path/../../Frameworks",
				);
				MARKETING_VERSION = 1.22.5;
				PRODUCT_BUNDLE_IDENTIFIER = com.aruistar.BookTime.BookTimeWidget;
				PRODUCT_NAME = "$(TARGET_NAME)";
				SKIP_INSTALL = YES;
				SWIFT_EMIT_LOC_STRINGS = YES;
				SWIFT_VERSION = 5.0;
				TARGETED_DEVICE_FAMILY = "1,2";
			};
			name = Release;
		};
/* End XCBuildConfiguration section */

/* Begin XCConfigurationList section */
		83731C8A2755D0D600305305 /* Build configuration list for PBXProject "BookTime" */ = {
			isa = XCConfigurationList;
			buildConfigurations = (
				83731CA02755D0D700305305 /* Debug */,
				83731CA12755D0D700305305 /* Release */,
			);
			defaultConfigurationIsVisible = 0;
			defaultConfigurationName = Release;
		};
		83731CA22755D0D700305305 /* Build configuration list for PBXNativeTarget "BookTime" */ = {
			isa = XCConfigurationList;
			buildConfigurations = (
				83731CA32755D0D700305305 /* Debug */,
				83731CA42755D0D700305305 /* Release */,
			);
			defaultConfigurationIsVisible = 0;
			defaultConfigurationName = Release;
		};
		83D54003282906B400A72716 /* Build configuration list for PBXNativeTarget "BookTimeWidgetExtension" */ = {
			isa = XCConfigurationList;
			buildConfigurations = (
				83D54004282906B400A72716 /* Debug */,
				83D54005282906B400A72716 /* Release */,
			);
			defaultConfigurationIsVisible = 0;
			defaultConfigurationName = Release;
		};
/* End XCConfigurationList section */

/* Begin XCRemoteSwiftPackageReference section */
		8383160F2803DA3100869E1D /* XCRemoteSwiftPackageReference "AlertToast" */ = {
			isa = XCRemoteSwiftPackageReference;
			repositoryURL = "https://github.com/elai950/AlertToast";
			requirement = {
				kind = upToNextMajorVersion;
				minimumVersion = 1.0.0;
			};
		};
		838316122803FE4800869E1D /* XCRemoteSwiftPackageReference "ConfettiSwiftUI" */ = {
			isa = XCRemoteSwiftPackageReference;
			repositoryURL = "https://github.com/simibac/ConfettiSwiftUI";
			requirement = {
				kind = upToNextMajorVersion;
				minimumVersion = 0.3.1;
			};
		};
		83831615280426B100869E1D /* XCRemoteSwiftPackageReference "ChartView" */ = {
			isa = XCRemoteSwiftPackageReference;
			repositoryURL = "https://github.com/AppPear/ChartView";
			requirement = {
				kind = upToNextMajorVersion;
				minimumVersion = 1.0.0;
			};
		};
/* End XCRemoteSwiftPackageReference section */

/* Begin XCSwiftPackageProductDependency section */
		838316102803DA3100869E1D /* AlertToast */ = {
			isa = XCSwiftPackageProductDependency;
			package = 8383160F2803DA3100869E1D /* XCRemoteSwiftPackageReference "AlertToast" */;
			productName = AlertToast;
		};
		838316132803FE4800869E1D /* ConfettiSwiftUI */ = {
			isa = XCSwiftPackageProductDependency;
			package = 838316122803FE4800869E1D /* XCRemoteSwiftPackageReference "ConfettiSwiftUI" */;
			productName = ConfettiSwiftUI;
		};
		83831616280426B100869E1D /* SwiftUICharts */ = {
			isa = XCSwiftPackageProductDependency;
			package = 83831615280426B100869E1D /* XCRemoteSwiftPackageReference "ChartView" */;
			productName = SwiftUICharts;
		};
/* End XCSwiftPackageProductDependency section */

/* Begin XCVersionGroup section */
		83731C9D2755D0D700305305 /* BookTime.xcdatamodeld */ = {
			isa = XCVersionGroup;
			children = (
				83731C9E2755D0D700305305 /* BookTime.xcdatamodel */,
			);
			currentVersion = 83731C9E2755D0D700305305 /* BookTime.xcdatamodel */;
			path = BookTime.xcdatamodeld;
			sourceTree = "<group>";
			versionGroupType = wrapper.xcdatamodel;
		};
/* End XCVersionGroup section */
	};
	rootObject = 83731C872755D0D600305305 /* Project object */;
}
