{
  "pins" : [
    {
      "identity" : "alerttoast",
      "kind" : "remoteSourceControl",
      "location" : "https://github.com/elai950/AlertToast",
      "state" : {
        "branch" : "master",
        "revision" : "6f0c1da59221ff337ebab856e13c7fcd26f9a426"
      }
    },
    {
      "identity" : "confettiswiftui",
      "kind" : "remoteSourceControl",
      "location" : "https://github.com/simibac/ConfettiSwiftUI",
      "state" : {
        "revision" : "8d3a15d0aa2991e0761749b767ef8d89bca6275a",
        "version" : "1.0.1"
      }
    },
    {
      "identity" : "flipview",
      "kind" : "remoteSourceControl",
      "location" : "https://github.com/aruis/FlipView.git",
      "state" : {
        "revision" : "54f1d0d06c3bfd5334330b8f5913072eb40b8ce8",
        "version" : "1.22.12"
      }
    },
    {
      "identity" : "pacmanprogress",
      "kind" : "remoteSourceControl",
      "location" : "https://github.com/aruis/PacmanProgress.git",
      "state" : {
        "revision" : "a2184d3618e5fdabd44425da3363419296ee6918",
        "version" : "1.22.3"
      }
    }
  ],
  "version" : 2
}
